// !$*UTF8*$!
{
	archiveVersion = 1;
	classes = {
	};
	objectVersion = 56;
	objects = {

/* Begin PBXBuildFile section */
		87B41B5D28EAA33F009F1046 /* AppDelegate.swift in Sources */ = {isa = PBXBuildFile; fileRef = 87B41B5C28EAA33F009F1046 /* AppDelegate.swift */; };
		87B41B5F28EAA33F009F1046 /* SceneDelegate.swift in Sources */ = {isa = PBXBuildFile; fileRef = 87B41B5E28EAA33F009F1046 /* SceneDelegate.swift */; };
		87B41B6128EAA33F009F1046 /* ViewController.swift in Sources */ = {isa = PBXBuildFile; fileRef = 87B41B6028EAA33F009F1046 /* ViewController.swift */; };
		87B41B6428EAA33F009F1046 /* Main.storyboard in Resources */ = {isa = PBXBuildFile; fileRef = 87B41B6228EAA33F009F1046 /* Main.storyboard */; };
		87B41B6628EAA340009F1046 /* Assets.xcassets in Resources */ = {isa = PBXBuildFile; fileRef = 87B41B6528EAA340009F1046 /* Assets.xcassets */; };
		87B41B6928EAA340009F1046 /* LaunchScreen.storyboard in Resources */ = {isa = PBXBuildFile; fileRef = 87B41B6728EAA340009F1046 /* LaunchScreen.storyboard */; };
		87B41B7428EAA340009F1046 /* MiniApp107_GithubActionsTests.swift in Sources */ = {isa = PBXBuildFile; fileRef = 87B41B7328EAA340009F1046 /* MiniApp107_GithubActionsTests.swift */; };
		87B41B7E28EAA340009F1046 /* MiniApp107_GithubActionsUITests.swift in Sources */ = {isa = PBXBuildFile; fileRef = 87B41B7D28EAA340009F1046 /* MiniApp107_GithubActionsUITests.swift */; };
		87B41B8028EAA340009F1046 /* MiniApp107_GithubActionsUITestsLaunchTests.swift in Sources */ = {isa = PBXBuildFile; fileRef = 87B41B7F28EAA340009F1046 /* MiniApp107_GithubActionsUITestsLaunchTests.swift */; };
/* End PBXBuildFile section */

/* Begin PBXContainerItemProxy section */
		87B41B7028EAA340009F1046 /* PBXContainerItemProxy */ = {
			isa = PBXContainerItemProxy;
			containerPortal = 87B41B5128EAA33F009F1046 /* Project object */;
			proxyType = 1;
			remoteGlobalIDString = 87B41B5828EAA33F009F1046;
			remoteInfo = "MiniApp107-GithubActions";
		};
		87B41B7A28EAA340009F1046 /* PBXContainerItemProxy */ = {
			isa = PBXContainerItemProxy;
			containerPortal = 87B41B5128EAA33F009F1046 /* Project object */;
			proxyType = 1;
			remoteGlobalIDString = 87B41B5828EAA33F009F1046;
			remoteInfo = "MiniApp107-GithubActions";
		};
/* End PBXContainerItemProxy section */

/* Begin PBXFileReference section */
		87B41B5928EAA33F009F1046 /* MiniApp107-GithubActions.app */ = {isa = PBXFileReference; explicitFileType = wrapper.application; includeInIndex = 0; path = "MiniApp107-GithubActions.app"; sourceTree = BUILT_PRODUCTS_DIR; };
		87B41B5C28EAA33F009F1046 /* AppDelegate.swift */ = {isa = PBXFileReference; lastKnownFileType = sourcecode.swift; path = AppDelegate.swift; sourceTree = "<group>"; };
		87B41B5E28EAA33F009F1046 /* SceneDelegate.swift */ = {isa = PBXFileReference; lastKnownFileType = sourcecode.swift; path = SceneDelegate.swift; sourceTree = "<group>"; };
		87B41B6028EAA33F009F1046 /* ViewController.swift */ = {isa = PBXFileReference; lastKnownFileType = sourcecode.swift; path = ViewController.swift; sourceTree = "<group>"; };
		87B41B6328EAA33F009F1046 /* Base */ = {isa = PBXFileReference; lastKnownFileType = file.storyboard; name = Base; path = Base.lproj/Main.storyboard; sourceTree = "<group>"; };
		87B41B6528EAA340009F1046 /* Assets.xcassets */ = {isa = PBXFileReference; lastKnownFileType = folder.assetcatalog; path = Assets.xcassets; sourceTree = "<group>"; };
		87B41B6828EAA340009F1046 /* Base */ = {isa = PBXFileReference; lastKnownFileType = file.storyboard; name = Base; path = Base.lproj/LaunchScreen.storyboard; sourceTree = "<group>"; };
		87B41B6A28EAA340009F1046 /* Info.plist */ = {isa = PBXFileReference; lastKnownFileType = text.plist.xml; path = Info.plist; sourceTree = "<group>"; };
		87B41B6F28EAA340009F1046 /* MiniApp107-GithubActionsTests.xctest */ = {isa = PBXFileReference; explicitFileType = wrapper.cfbundle; includeInIndex = 0; path = "MiniApp107-GithubActionsTests.xctest"; sourceTree = BUILT_PRODUCTS_DIR; };
		87B41B7328EAA340009F1046 /* MiniApp107_GithubActionsTests.swift */ = {isa = PBXFileReference; lastKnownFileType = sourcecode.swift; path = MiniApp107_GithubActionsTests.swift; sourceTree = "<group>"; };
		87B41B7928EAA340009F1046 /* MiniApp107-GithubActionsUITests.xctest */ = {isa = PBXFileReference; explicitFileType = wrapper.cfbundle; includeInIndex = 0; path = "MiniApp107-GithubActionsUITests.xctest"; sourceTree = BUILT_PRODUCTS_DIR; };
		87B41B7D28EAA340009F1046 /* MiniApp107_GithubActionsUITests.swift */ = {isa = PBXFileReference; lastKnownFileType = sourcecode.swift; path = MiniApp107_GithubActionsUITests.swift; sourceTree = "<group>"; };
		87B41B7F28EAA340009F1046 /* MiniApp107_GithubActionsUITestsLaunchTests.swift */ = {isa = PBXFileReference; lastKnownFileType = sourcecode.swift; path = MiniApp107_GithubActionsUITestsLaunchTests.swift; sourceTree = "<group>"; };
/* End PBXFileReference section */

/* Begin PBXFrameworksBuildPhase section */
		87B41B5628EAA33F009F1046 /* Frameworks */ = {
			isa = PBXFrameworksBuildPhase;
			buildActionMask = 2147483647;
			files = (
			);
			runOnlyForDeploymentPostprocessing = 0;
		};
		87B41B6C28EAA340009F1046 /* Frameworks */ = {
			isa = PBXFrameworksBuildPhase;
			buildActionMask = 2147483647;
			files = (
			);
			runOnlyForDeploymentPostprocessing = 0;
		};
		87B41B7628EAA340009F1046 /* Frameworks */ = {
			isa = PBXFrameworksBuildPhase;
			buildActionMask = 2147483647;
			files = (
			);
			runOnlyForDeploymentPostprocessing = 0;
		};
/* End PBXFrameworksBuildPhase section */

/* Begin PBXGroup section */
		87B41B5028EAA33F009F1046 = {
			isa = PBXGroup;
			children = (
				87B41B5B28EAA33F009F1046 /* MiniApp107-GithubActions */,
				87B41B7228EAA340009F1046 /* MiniApp107-GithubActionsTests */,
				87B41B7C28EAA340009F1046 /* MiniApp107-GithubActionsUITests */,
				87B41B5A28EAA33F009F1046 /* Products */,
			);
			sourceTree = "<group>";
		};
		87B41B5A28EAA33F009F1046 /* Products */ = {
			isa = PBXGroup;
			children = (
				87B41B5928EAA33F009F1046 /* MiniApp107-GithubActions.app */,
				87B41B6F28EAA340009F1046 /* MiniApp107-GithubActionsTests.xctest */,
				87B41B7928EAA340009F1046 /* MiniApp107-GithubActionsUITests.xctest */,
			);
			name = Products;
			sourceTree = "<group>";
		};
		87B41B5B28EAA33F009F1046 /* MiniApp107-GithubActions */ = {
			isa = PBXGroup;
			children = (
				87B41B5C28EAA33F009F1046 /* AppDelegate.swift */,
				87B41B5E28EAA33F009F1046 /* SceneDelegate.swift */,
				87B41B6028EAA33F009F1046 /* ViewController.swift */,
				87B41B6228EAA33F009F1046 /* Main.storyboard */,
				87B41B6528EAA340009F1046 /* Assets.xcassets */,
				87B41B6728EAA340009F1046 /* LaunchScreen.storyboard */,
				87B41B6A28EAA340009F1046 /* Info.plist */,
			);
			path = "MiniApp107-GithubActions";
			sourceTree = "<group>";
		};
		87B41B7228EAA340009F1046 /* MiniApp107-GithubActionsTests */ = {
			isa = PBXGroup;
			children = (
				87B41B7328EAA340009F1046 /* MiniApp107_GithubActionsTests.swift */,
			);
			path = "MiniApp107-GithubActionsTests";
			sourceTree = "<group>";
		};
		87B41B7C28EAA340009F1046 /* MiniApp107-GithubActionsUITests */ = {
			isa = PBXGroup;
			children = (
				87B41B7D28EAA340009F1046 /* MiniApp107_GithubActionsUITests.swift */,
				87B41B7F28EAA340009F1046 /* MiniApp107_GithubActionsUITestsLaunchTests.swift */,
			);
			path = "MiniApp107-GithubActionsUITests";
			sourceTree = "<group>";
		};
/* End PBXGroup section */

/* Begin PBXNativeTarget section */
		87B41B5828EAA33F009F1046 /* MiniApp107-GithubActions */ = {
			isa = PBXNativeTarget;
			buildConfigurationList = 87B41B8328EAA340009F1046 /* Build configuration list for PBXNativeTarget "MiniApp107-GithubActions" */;
			buildPhases = (
				87B41B5528EAA33F009F1046 /* Sources */,
				87B41B5628EAA33F009F1046 /* Frameworks */,
				87B41B5728EAA33F009F1046 /* Resources */,
			);
			buildRules = (
			);
			dependencies = (
			);
			name = "MiniApp107-GithubActions";
			productName = "MiniApp107-GithubActions";
			productReference = 87B41B5928EAA33F009F1046 /* MiniApp107-GithubActions.app */;
			productType = "com.apple.product-type.application";
		};
		87B41B6E28EAA340009F1046 /* MiniApp107-GithubActionsTests */ = {
			isa = PBXNativeTarget;
			buildConfigurationList = 87B41B8628EAA340009F1046 /* Build configuration list for PBXNativeTarget "MiniApp107-GithubActionsTests" */;
			buildPhases = (
				87B41B6B28EAA340009F1046 /* Sources */,
				87B41B6C28EAA340009F1046 /* Frameworks */,
				87B41B6D28EAA340009F1046 /* Resources */,
			);
			buildRules = (
			);
			dependencies = (
				87B41B7128EAA340009F1046 /* PBXTargetDependency */,
			);
			name = "MiniApp107-GithubActionsTests";
			productName = "MiniApp107-GithubActionsTests";
			productReference = 87B41B6F28EAA340009F1046 /* MiniApp107-GithubActionsTests.xctest */;
			productType = "com.apple.product-type.bundle.unit-test";
		};
		87B41B7828EAA340009F1046 /* MiniApp107-GithubActionsUITests */ = {
			isa = PBXNativeTarget;
			buildConfigurationList = 87B41B8928EAA340009F1046 /* Build configuration list for PBXNativeTarget "MiniApp107-GithubActionsUITests" */;
			buildPhases = (
				87B41B7528EAA340009F1046 /* Sources */,
				87B41B7628EAA340009F1046 /* Frameworks */,
				87B41B7728EAA340009F1046 /* Resources */,
			);
			buildRules = (
			);
			dependencies = (
				87B41B7B28EAA340009F1046 /* PBXTargetDependency */,
			);
			name = "MiniApp107-GithubActionsUITests";
			productName = "MiniApp107-GithubActionsUITests";
			productReference = 87B41B7928EAA340009F1046 /* MiniApp107-GithubActionsUITests.xctest */;
			productType = "com.apple.product-type.bundle.ui-testing";
		};
/* End PBXNativeTarget section */

/* Begin PBXProject section */
		87B41B5128EAA33F009F1046 /* Project object */ = {
			isa = PBXProject;
			attributes = {
				BuildIndependentTargetsInParallel = 1;
				LastSwiftUpdateCheck = 1400;
				LastUpgradeCheck = 1400;
				TargetAttributes = {
					87B41B5828EAA33F009F1046 = {
						CreatedOnToolsVersion = 14.0.1;
					};
					87B41B6E28EAA340009F1046 = {
						CreatedOnToolsVersion = 14.0.1;
						TestTargetID = 87B41B5828EAA33F009F1046;
					};
					87B41B7828EAA340009F1046 = {
						CreatedOnToolsVersion = 14.0.1;
						TestTargetID = 87B41B5828EAA33F009F1046;
					};
				};
			};
			buildConfigurationList = 87B41B5428EAA33F009F1046 /* Build configuration list for PBXProject "MiniApp107-GithubActions" */;
			compatibilityVersion = "Xcode 14.0";
			developmentRegion = en;
			hasScannedForEncodings = 0;
			knownRegions = (
				en,
				Base,
			);
			mainGroup = 87B41B5028EAA33F009F1046;
			productRefGroup = 87B41B5A28EAA33F009F1046 /* Products */;
			projectDirPath = "";
			projectRoot = "";
			targets = (
				87B41B5828EAA33F009F1046 /* MiniApp107-GithubActions */,
				87B41B6E28EAA340009F1046 /* MiniApp107-GithubActionsTests */,
				87B41B7828EAA340009F1046 /* MiniApp107-GithubActionsUITests */,
			);
		};
/* End PBXProject section */

/* Begin PBXResourcesBuildPhase section */
		87B41B5728EAA33F009F1046 /* Resources */ = {
			isa = PBXResourcesBuildPhase;
			buildActionMask = 2147483647;
			files = (
				87B41B6928EAA340009F1046 /* LaunchScreen.storyboard in Resources */,
				87B41B6628EAA340009F1046 /* Assets.xcassets in Resources */,
				87B41B6428EAA33F009F1046 /* Main.storyboard in Resources */,
			);
			runOnlyForDeploymentPostprocessing = 0;
		};
		87B41B6D28EAA340009F1046 /* Resources */ = {
			isa = PBXResourcesBuildPhase;
			buildActionMask = 2147483647;
			files = (
			);
			runOnlyForDeploymentPostprocessing = 0;
		};
		87B41B7728EAA340009F1046 /* Resources */ = {
			isa = PBXResourcesBuildPhase;
			buildActionMask = 2147483647;
			files = (
			);
			runOnlyForDeploymentPostprocessing = 0;
		};
/* End PBXResourcesBuildPhase section */

/* Begin PBXSourcesBuildPhase section */
		87B41B5528EAA33F009F1046 /* Sources */ = {
			isa = PBXSourcesBuildPhase;
			buildActionMask = 2147483647;
			files = (
				87B41B6128EAA33F009F1046 /* ViewController.swift in Sources */,
				87B41B5D28EAA33F009F1046 /* AppDelegate.swift in Sources */,
				87B41B5F28EAA33F009F1046 /* SceneDelegate.swift in Sources */,
			);
			runOnlyForDeploymentPostprocessing = 0;
		};
		87B41B6B28EAA340009F1046 /* Sources */ = {
			isa = PBXSourcesBuildPhase;
			buildActionMask = 2147483647;
			files = (
				87B41B7428EAA340009F1046 /* MiniApp107_GithubActionsTests.swift in Sources */,
			);
			runOnlyForDeploymentPostprocessing = 0;
		};
		87B41B7528EAA340009F1046 /* Sources */ = {
			isa = PBXSourcesBuildPhase;
			buildActionMask = 2147483647;
			files = (
				87B41B7E28EAA340009F1046 /* MiniApp107_GithubActionsUITests.swift in Sources */,
				87B41B8028EAA340009F1046 /* MiniApp107_GithubActionsUITestsLaunchTests.swift in Sources */,
			);
			runOnlyForDeploymentPostprocessing = 0;
		};
/* End PBXSourcesBuildPhase section */

/* Begin PBXTargetDependency section */
		87B41B7128EAA340009F1046 /* PBXTargetDependency */ = {
			isa = PBXTargetDependency;
			target = 87B41B5828EAA33F009F1046 /* MiniApp107-GithubActions */;
			targetProxy = 87B41B7028EAA340009F1046 /* PBXContainerItemProxy */;
		};
		87B41B7B28EAA340009F1046 /* PBXTargetDependency */ = {
			isa = PBXTargetDependency;
			target = 87B41B5828EAA33F009F1046 /* MiniApp107-GithubActions */;
			targetProxy = 87B41B7A28EAA340009F1046 /* PBXContainerItemProxy */;
		};
/* End PBXTargetDependency section */

/* Begin PBXVariantGroup section */
		87B41B6228EAA33F009F1046 /* Main.storyboard */ = {
			isa = PBXVariantGroup;
			children = (
				87B41B6328EAA33F009F1046 /* Base */,
			);
			name = Main.storyboard;
			sourceTree = "<group>";
		};
		87B41B6728EAA340009F1046 /* LaunchScreen.storyboard */ = {
			isa = PBXVariantGroup;
			children = (
				87B41B6828EAA340009F1046 /* Base */,
			);
			name = LaunchScreen.storyboard;
			sourceTree = "<group>";
		};
/* End PBXVariantGroup section */

/* Begin XCBuildConfiguration section */
		87B41B8128EAA340009F1046 /* Debug */ = {
			isa = XCBuildConfiguration;
			buildSettings = {
				ALWAYS_SEARCH_USER_PATHS = NO;
				CLANG_ANALYZER_NONNULL = YES;
				CLANG_ANALYZER_NUMBER_OBJECT_CONVERSION = YES_AGGRESSIVE;
				CLANG_CXX_LANGUAGE_STANDARD = "gnu++20";
				CLANG_ENABLE_MODULES = YES;
				CLANG_ENABLE_OBJC_ARC = YES;
				CLANG_ENABLE_OBJC_WEAK = YES;
				CLANG_WARN_BLOCK_CAPTURE_AUTORELEASING = YES;
				CLANG_WARN_BOOL_CONVERSION = YES;
				CLANG_WARN_COMMA = YES;
				CLANG_WARN_CONSTANT_CONVERSION = YES;
				CLANG_WARN_DEPRECATED_OBJC_IMPLEMENTATIONS = YES;
				CLANG_WARN_DIRECT_OBJC_ISA_USAGE = YES_ERROR;
				CLANG_WARN_DOCUMENTATION_COMMENTS = YES;
				CLANG_WARN_EMPTY_BODY = YES;
				CLANG_WARN_ENUM_CONVERSION = YES;
				CLANG_WARN_INFINITE_RECURSION = YES;
				CLANG_WARN_INT_CONVERSION = YES;
				CLANG_WARN_NON_LITERAL_NULL_CONVERSION = YES;
				CLANG_WARN_OBJC_IMPLICIT_RETAIN_SELF = YES;
				CLANG_WARN_OBJC_LITERAL_CONVERSION = YES;
				CLANG_WARN_OBJC_ROOT_CLASS = YES_ERROR;
				CLANG_WARN_QUOTED_INCLUDE_IN_FRAMEWORK_HEADER = YES;
				CLANG_WARN_RANGE_LOOP_ANALYSIS = YES;
				CLANG_WARN_STRICT_PROTOTYPES = YES;
				CLANG_WARN_SUSPICIOUS_MOVE = YES;
				CLANG_WARN_UNGUARDED_AVAILABILITY = YES_AGGRESSIVE;
				CLANG_WARN_UNREACHABLE_CODE = YES;
				CLANG_WARN__DUPLICATE_METHOD_MATCH = YES;
				COPY_PHASE_STRIP = NO;
				DEBUG_INFORMATION_FORMAT = dwarf;
				ENABLE_STRICT_OBJC_MSGSEND = YES;
				ENABLE_TESTABILITY = YES;
				GCC_C_LANGUAGE_STANDARD = gnu11;
				GCC_DYNAMIC_NO_PIC = NO;
				GCC_NO_COMMON_BLOCKS = YES;
				GCC_OPTIMIZATION_LEVEL = 0;
				GCC_PREPROCESSOR_DEFINITIONS = (
					"DEBUG=1",
					"$(inherited)",
				);
				GCC_WARN_64_TO_32_BIT_CONVERSION = YES;
				GCC_WARN_ABOUT_RETURN_TYPE = YES_ERROR;
				GCC_WARN_UNDECLARED_SELECTOR = YES;
				GCC_WARN_UNINITIALIZED_AUTOS = YES_AGGRESSIVE;
				GCC_WARN_UNUSED_FUNCTION = YES;
				GCC_WARN_UNUSED_VARIABLE = YES;
				IPHONEOS_DEPLOYMENT_TARGET = 16.0;
				MTL_ENABLE_DEBUG_INFO = INCLUDE_SOURCE;
				MTL_FAST_MATH = YES;
				ONLY_ACTIVE_ARCH = YES;
				SDKROOT = iphoneos;
				SWIFT_ACTIVE_COMPILATION_CONDITIONS = DEBUG;
				SWIFT_OPTIMIZATION_LEVEL = "-Onone";
			};
			name = Debug;
		};
		87B41B8228EAA340009F1046 /* Release */ = {
			isa = XCBuildConfiguration;
			buildSettings = {
				ALWAYS_SEARCH_USER_PATHS = NO;
				CLANG_ANALYZER_NONNULL = YES;
				CLANG_ANALYZER_NUMBER_OBJECT_CONVERSION = YES_AGGRESSIVE;
				CLANG_CXX_LANGUAGE_STANDARD = "gnu++20";
				CLANG_ENABLE_MODULES = YES;
				CLANG_ENABLE_OBJC_ARC = YES;
				CLANG_ENABLE_OBJC_WEAK = YES;
				CLANG_WARN_BLOCK_CAPTURE_AUTORELEASING = YES;
				CLANG_WARN_BOOL_CONVERSION = YES;
				CLANG_WARN_COMMA = YES;
				CLANG_WARN_CONSTANT_CONVERSION = YES;
				CLANG_WARN_DEPRECATED_OBJC_IMPLEMENTATIONS = YES;
				CLANG_WARN_DIRECT_OBJC_ISA_USAGE = YES_ERROR;
				CLANG_WARN_DOCUMENTATION_COMMENTS = YES;
				CLANG_WARN_EMPTY_BODY = YES;
				CLANG_WARN_ENUM_CONVERSION = YES;
				CLANG_WARN_INFINITE_RECURSION = YES;
				CLANG_WARN_INT_CONVERSION = YES;
				CLANG_WARN_NON_LITERAL_NULL_CONVERSION = YES;
				CLANG_WARN_OBJC_IMPLICIT_RETAIN_SELF = YES;
				CLANG_WARN_OBJC_LITERAL_CONVERSION = YES;
				CLANG_WARN_OBJC_ROOT_CLASS = YES_ERROR;
				CLANG_WARN_QUOTED_INCLUDE_IN_FRAMEWORK_HEADER = YES;
				CLANG_WARN_RANGE_LOOP_ANALYSIS = YES;
				CLANG_WARN_STRICT_PROTOTYPES = YES;
				CLANG_WARN_SUSPICIOUS_MOVE = YES;
				CLANG_WARN_UNGUARDED_AVAILABILITY = YES_AGGRESSIVE;
				CLANG_WARN_UNREACHABLE_CODE = YES;
				CLANG_WARN__DUPLICATE_METHOD_MATCH = YES;
				COPY_PHASE_STRIP = NO;
				DEBUG_INFORMATION_FORMAT = "dwarf-with-dsym";
				ENABLE_NS_ASSERTIONS = NO;
				ENABLE_STRICT_OBJC_MSGSEND = YES;
				GCC_C_LANGUAGE_STANDARD = gnu11;
				GCC_NO_COMMON_BLOCKS = YES;
				GCC_WARN_64_TO_32_BIT_CONVERSION = YES;
				GCC_WARN_ABOUT_RETURN_TYPE = YES_ERROR;
				GCC_WARN_UNDECLARED_SELECTOR = YES;
				GCC_WARN_UNINITIALIZED_AUTOS = YES_AGGRESSIVE;
				GCC_WARN_UNUSED_FUNCTION = YES;
				GCC_WARN_UNUSED_VARIABLE = YES;
				IPHONEOS_DEPLOYMENT_TARGET = 16.0;
				MTL_ENABLE_DEBUG_INFO = NO;
				MTL_FAST_MATH = YES;
				SDKROOT = iphoneos;
				SWIFT_COMPILATION_MODE = wholemodule;
				SWIFT_OPTIMIZATION_LEVEL = "-O";
				VALIDATE_PRODUCT = YES;
			};
			name = Release;
		};
		87B41B8428EAA340009F1046 /* Debug */ = {
			isa = XCBuildConfiguration;
			buildSettings = {
				ASSETCATALOG_COMPILER_APPICON_NAME = AppIcon;
				ASSETCATALOG_COMPILER_GLOBAL_ACCENT_COLOR_NAME = AccentColor;
				CODE_SIGN_STYLE = Automatic;
				CURRENT_PROJECT_VERSION = 1;
				DEVELOPMENT_TEAM = 558ZJSQN67;
				GENERATE_INFOPLIST_FILE = YES;
				INFOPLIST_FILE = "MiniApp107-GithubActions/Info.plist";
				INFOPLIST_KEY_UIApplicationSupportsIndirectInputEvents = YES;
				INFOPLIST_KEY_UILaunchStoryboardName = LaunchScreen;
				INFOPLIST_KEY_UIMainStoryboardFile = Main;
				INFOPLIST_KEY_UISupportedInterfaceOrientations_iPad = "UIInterfaceOrientationPortrait UIInterfaceOrientationPortraitUpsideDown UIInterfaceOrientationLandscapeLeft UIInterfaceOrientationLandscapeRight";
				INFOPLIST_KEY_UISupportedInterfaceOrientations_iPhone = "UIInterfaceOrientationPortrait UIInterfaceOrientationLandscapeLeft UIInterfaceOrientationLandscapeRight";
				LD_RUNPATH_SEARCH_PATHS = (
					"$(inherited)",
					"@executable_path/Frameworks",
				);
				MARKETING_VERSION = 1.0;
				PRODUCT_BUNDLE_IDENTIFIER = "org.tetoblog.MiniApp107-GithubActions";
				PRODUCT_NAME = "$(TARGET_NAME)";
				SWIFT_EMIT_LOC_STRINGS = YES;
				SWIFT_VERSION = 5.0;
				TARGETED_DEVICE_FAMILY = "1,2";
			};
			name = Debug;
		};
		87B41B8528EAA340009F1046 /* Release */ = {
			isa = XCBuildConfiguration;
			buildSettings = {
				ASSETCATALOG_COMPILER_APPICON_NAME = AppIcon;
				ASSETCATALOG_COMPILER_GLOBAL_ACCENT_COLOR_NAME = AccentColor;
				CODE_SIGN_STYLE = Automatic;
				CURRENT_PROJECT_VERSION = 1;
				DEVELOPMENT_TEAM = 558ZJSQN67;
				GENERATE_INFOPLIST_FILE = YES;
				INFOPLIST_FILE = "MiniApp107-GithubActions/Info.plist";
				INFOPLIST_KEY_UIApplicationSupportsIndirectInputEvents = YES;
				INFOPLIST_KEY_UILaunchStoryboardName = LaunchScreen;
				INFOPLIST_KEY_UIMainStoryboardFile = Main;
				INFOPLIST_KEY_UISupportedInterfaceOrientations_iPad = "UIInterfaceOrientationPortrait UIInterfaceOrientationPortraitUpsideDown UIInterfaceOrientationLandscapeLeft UIInterfaceOrientationLandscapeRight";
				INFOPLIST_KEY_UISupportedInterfaceOrientations_iPhone = "UIInterfaceOrientationPortrait UIInterfaceOrientationLandscapeLeft UIInterfaceOrientationLandscapeRight";
				LD_RUNPATH_SEARCH_PATHS = (
					"$(inherited)",
					"@executable_path/Frameworks",
				);
				MARKETING_VERSION = 1.0;
				PRODUCT_BUNDLE_IDENTIFIER = "org.tetoblog.MiniApp107-GithubActions";
				PRODUCT_NAME = "$(TARGET_NAME)";
				SWIFT_EMIT_LOC_STRINGS = YES;
				SWIFT_VERSION = 5.0;
				TARGETED_DEVICE_FAMILY = "1,2";
			};
			name = Release;
		};
		87B41B8728EAA340009F1046 /* Debug */ = {
			isa = XCBuildConfiguration;
			buildSettings = {
				ALWAYS_EMBED_SWIFT_STANDARD_LIBRARIES = YES;
				BUNDLE_LOADER = "$(TEST_HOST)";
				CODE_SIGN_STYLE = Automatic;
				CURRENT_PROJECT_VERSION = 1;
				DEVELOPMENT_TEAM = 558ZJSQN67;
				GENERATE_INFOPLIST_FILE = YES;
				IPHONEOS_DEPLOYMENT_TARGET = 16.0;
				MARKETING_VERSION = 1.0;
				PRODUCT_BUNDLE_IDENTIFIER = "org.tetoblog.MiniApp107-GithubActionsTests";
				PRODUCT_NAME = "$(TARGET_NAME)";
				SWIFT_EMIT_LOC_STRINGS = NO;
				SWIFT_VERSION = 5.0;
				TARGETED_DEVICE_FAMILY = "1,2";
				TEST_HOST = "$(BUILT_PRODUCTS_DIR)/MiniApp107-GithubActions.app/$(BUNDLE_EXECUTABLE_FOLDER_PATH)/MiniApp107-GithubActions";
			};
			name = Debug;
		};
		87B41B8828EAA340009F1046 /* Release */ = {
			isa = XCBuildConfiguration;
			buildSettings = {
				ALWAYS_EMBED_SWIFT_STANDARD_LIBRARIES = YES;
				BUNDLE_LOADER = "$(TEST_HOST)";
				CODE_SIGN_STYLE = Automatic;
				CURRENT_PROJECT_VERSION = 1;
				DEVELOPMENT_TEAM = 558ZJSQN67;
				GENERATE_INFOPLIST_FILE = YES;
				IPHONEOS_DEPLOYMENT_TARGET = 16.0;
				MARKETING_VERSION = 1.0;
				PRODUCT_BUNDLE_IDENTIFIER = "org.tetoblog.MiniApp107-GithubActionsTests";
				PRODUCT_NAME = "$(TARGET_NAME)";
				SWIFT_EMIT_LOC_STRINGS = NO;
				SWIFT_VERSION = 5.0;
				TARGETED_DEVICE_FAMILY = "1,2";
				TEST_HOST = "$(BUILT_PRODUCTS_DIR)/MiniApp107-GithubActions.app/$(BUNDLE_EXECUTABLE_FOLDER_PATH)/MiniApp107-GithubActions";
			};
			name = Release;
		};
		87B41B8A28EAA340009F1046 /* Debug */ = {
			isa = XCBuildConfiguration;
			buildSettings = {
				ALWAYS_EMBED_SWIFT_STANDARD_LIBRARIES = YES;
				CODE_SIGN_STYLE = Automatic;
				CURRENT_PROJECT_VERSION = 1;
				DEVELOPMENT_TEAM = 558ZJSQN67;
				GENERATE_INFOPLIST_FILE = YES;
				MARKETING_VERSION = 1.0;
				PRODUCT_BUNDLE_IDENTIFIER = "org.tetoblog.MiniApp107-GithubActionsUITests";
				PRODUCT_NAME = "$(TARGET_NAME)";
				SWIFT_EMIT_LOC_STRINGS = NO;
				SWIFT_VERSION = 5.0;
				TARGETED_DEVICE_FAMILY = "1,2";
				TEST_TARGET_NAME = "MiniApp107-GithubActions";
			};
			name = Debug;
		};
		87B41B8B28EAA340009F1046 /* Release */ = {
			isa = XCBuildConfiguration;
			buildSettings = {
				ALWAYS_EMBED_SWIFT_STANDARD_LIBRARIES = YES;
				CODE_SIGN_STYLE = Automatic;
				CURRENT_PROJECT_VERSION = 1;
				DEVELOPMENT_TEAM = 558ZJSQN67;
				GENERATE_INFOPLIST_FILE = YES;
				MARKETING_VERSION = 1.0;
				PRODUCT_BUNDLE_IDENTIFIER = "org.tetoblog.MiniApp107-GithubActionsUITests";
				PRODUCT_NAME = "$(TARGET_NAME)";
				SWIFT_EMIT_LOC_STRINGS = NO;
				SWIFT_VERSION = 5.0;
				TARGETED_DEVICE_FAMILY = "1,2";
				TEST_TARGET_NAME = "MiniApp107-GithubActions";
			};
			name = Release;
		};
/* End XCBuildConfiguration section */

/* Begin XCConfigurationList section */
		87B41B5428EAA33F009F1046 /* Build configuration list for PBXProject "MiniApp107-GithubActions" */ = {
			isa = XCConfigurationList;
			buildConfigurations = (
				87B41B8128EAA340009F1046 /* Debug */,
				87B41B8228EAA340009F1046 /* Release */,
			);
			defaultConfigurationIsVisible = 0;
			defaultConfigurationName = Release;
		};
		87B41B8328EAA340009F1046 /* Build configuration list for PBXNativeTarget "MiniApp107-GithubActions" */ = {
			isa = XCConfigurationList;
			buildConfigurations = (
				87B41B8428EAA340009F1046 /* Debug */,
				87B41B8528EAA340009F1046 /* Release */,
			);
			defaultConfigurationIsVisible = 0;
			defaultConfigurationName = Release;
		};
		87B41B8628EAA340009F1046 /* Build configuration list for PBXNativeTarget "MiniApp107-GithubActionsTests" */ = {
			isa = XCConfigurationList;
			buildConfigurations = (
				87B41B8728EAA340009F1046 /* Debug */,
				87B41B8828EAA340009F1046 /* Release */,
			);
			defaultConfigurationIsVisible = 0;
			defaultConfigurationName = Release;
		};
		87B41B8928EAA340009F1046 /* Build configuration list for PBXNativeTarget "MiniApp107-GithubActionsUITests" */ = {
			isa = XCConfigurationList;
			buildConfigurations = (
				87B41B8A28EAA340009F1046 /* Debug */,
				87B41B8B28EAA340009F1046 /* Release */,
			);
			defaultConfigurationIsVisible = 0;
			defaultConfigurationName = Release;
		};
/* End XCConfigurationList section */
	};
	rootObject = 87B41B5128EAA33F009F1046 /* Project object */;
}
